
Microsoft Visual Studio Solution File, Format Version 12.00
# Visual Studio Version 17
VisualStudioVersion = 17.3.32922.545
MinimumVisualStudioVersion = 10.0.40219.1
Project("{9A19103F-16F7-4668-BE54-9A1E7A4F7556}") = "AWS_Cognito_Users", "AWS_Cognito_Users\AWS_Cognito_Users.csproj", "{03A52100-2987-4F8D-A21D-360F28A1AD76}"
EndProject
Project("{9A19103F-16F7-4668-BE54-9A1E7A4F7556}") = "AWS_Web_Authentication", "AWS_Web_Authentication\AWS_Web_Authentication.csproj", "{27B20A57-2069-40CB-8377-4048A4B9F7DC}"
EndProject
Global
	GlobalSection(SolutionConfigurationPlatforms) = preSolution
		Debug|Any CPU = Debug|Any CPU
		Release|Any CPU = Release|Any CPU
	EndGlobalSection
	GlobalSection(ProjectConfigurationPlatforms) = postSolution
		{03A52100-2987-4F8D-A21D-360F28A1AD76}.Debug|Any CPU.ActiveCfg = Debug|Any CPU
		{03A52100-2987-4F8D-A21D-360F28A1AD76}.Debug|Any CPU.Build.0 = Debug|Any CPU
		{03A52100-2987-4F8D-A21D-360F28A1AD76}.Release|Any CPU.ActiveCfg = Release|Any CPU
		{03A52100-2987-4F8D-A21D-360F28A1AD76}.Release|Any CPU.Build.0 = Release|Any CPU
		{27B20A57-2069-40CB-8377-4048A4B9F7DC}.Debug|Any CPU.ActiveCfg = Debug|Any CPU
		{27B20A57-2069-40CB-8377-4048A4B9F7DC}.Debug|Any CPU.Build.0 = Debug|Any CPU
		{27B20A57-2069-40CB-8377-4048A4B9F7DC}.Release|Any CPU.ActiveCfg = Release|Any CPU
		{27B20A57-2069-40CB-8377-4048A4B9F7DC}.Release|Any CPU.Build.0 = Release|Any CPU
	EndGlobalSection
	GlobalSection(SolutionProperties) = preSolution
		HideSolutionNode = FALSE
	EndGlobalSection
	GlobalSection(ExtensibilityGlobals) = postSolution
		SolutionGuid = {39BB41CB-8F26-4981-98E9-08FA4A3C8868}
	EndGlobalSection
EndGlobal
